[root]
name = "webplatform"
version = "0.1.3"
dependencies = [
 "libc 0.1.3 (registry+https://github.com/rust-lang/crates.io-index)",
 "webplatform_concat_bytes 0.0.1",
]

[[package]]
name = "libc"
version = "0.1.3"
source = "registry+https://github.com/rust-lang/crates.io-index"

[[package]]
name = "webplatform_concat_bytes"
version = "0.0.1"

